{
	"name": "example",
	"version": "0.0.0",
	"lockfileVersion": 3,
	"requires": true,
	"packages": {
		"": {
			"name": "example",
			"version": "0.0.0",
			"dependencies": {
				"@node-3d/iohook": "file:.."
			},
			"engines": {
				"node": ">=24.13.0",
				"npm": ">=11.6.2"
			}
		},
		"..": {
			"name": "@node-3d/iohook",
			"version": "1.0.0",
			"hasInstallScript": true,
			"license": "MIT",
			"dependencies": {
				"@node-3d/addon-tools": "^11.0.0",
				"@node-3d/deps-uiohook": "^1.0.0",
				"@node-3d/segfault": "^4.0.0"
			},
			"devDependencies": {
				"@rslib/core": "^0.21.3",
				"@types/node": "^24.1.0",
				"@typescript/native-preview": "^7.0.0-dev.20260503.1",
				"node-addon-api": "^8.3.0",
				"oxlint": "^1.65.0",
				"typescript": "^6.0.3"
			},
			"engines": {
				"node": ">=24.13.0",
				"npm": ">=11.6.2"
			}
		},
		"node_modules/@node-3d/iohook": {
			"resolved": "..",
			"link": true
		}
	}
}
